title: Fechadura eletrônica com controle centralizado e integrado ao SUAP
codeName: Smart Access
type: Pesquisa
origin: IFPB
fundingCall: Edital n° 33/2024 - Programa Institucional de Bolsas de Iniciação em Desenvolvimento Tecnológico e Inovação – PIBITI/CNPq - Vagas Remanescentes - Edital de Pesquisa
researchGroup: SIDE
description: Este trabalho busca criar uma solução de controle de acesso no âmbito do IFPB por meio de equipamento de hardware e software.
startDate: 2024
